// !$*UTF8*$!
{
	archiveVersion = 1;
	classes = {
	};
	objectVersion = 50;
	objects = {

/* Begin PBXBuildFile section */
		BE479D902081CF6400ACE8F4 /* AppDelegate.swift in Sources */ = {isa = PBXBuildFile; fileRef = BE479D8F2081CF6400ACE8F4 /* AppDelegate.swift */; };
		BE479D922081CF6400ACE8F4 /* ViewController.swift in Sources */ = {isa = PBXBuildFile; fileRef = BE479D912081CF6400ACE8F4 /* ViewController.swift */; };
		BE479D952081CF6400ACE8F4 /* Main.storyboard in Resources */ = {isa = PBXBuildFile; fileRef = BE479D932081CF6400ACE8F4 /* Main.storyboard */; };
		BE479D972081CF6C00ACE8F4 /* Assets.xcassets in Resources */ = {isa = PBXBuildFile; fileRef = BE479D962081CF6C00ACE8F4 /* Assets.xcassets */; };
		BE479D9A2081CF6C00ACE8F4 /* LaunchScreen.storyboard in Resources */ = {isa = PBXBuildFile; fileRef = BE479D982081CF6C00ACE8F4 /* LaunchScreen.storyboard */; };
		BE479DA52081CF6C00ACE8F4 /* CubicSwiftIOSTests.swift in Sources */ = {isa = PBXBuildFile; fileRef = BE479DA42081CF6C00ACE8F4 /* CubicSwiftIOSTests.swift */; };
		BE479DB02081CF6C00ACE8F4 /* CubicSwiftIOSUITests.swift in Sources */ = {isa = PBXBuildFile; fileRef = BE479DAF2081CF6C00ACE8F4 /* CubicSwiftIOSUITests.swift */; };
		BE479DC72081D04A00ACE8F4 /* cubic_swift.framework in Frameworks */ = {isa = PBXBuildFile; fileRef = BE479DC32081D02500ACE8F4 /* cubic_swift.framework */; };
		BE479DC82081D04A00ACE8F4 /* cubic_swift.framework in Embed Frameworks */ = {isa = PBXBuildFile; fileRef = BE479DC32081D02500ACE8F4 /* cubic_swift.framework */; settings = {ATTRIBUTES = (CodeSignOnCopy, RemoveHeadersOnCopy, ); }; };
/* End PBXBuildFile section */

/* Begin PBXContainerItemProxy section */
		BE479DA12081CF6C00ACE8F4 /* PBXContainerItemProxy */ = {
			isa = PBXContainerItemProxy;
			containerPortal = BE479D842081CF6400ACE8F4 /* Project object */;
			proxyType = 1;
			remoteGlobalIDString = BE479D8B2081CF6400ACE8F4;
			remoteInfo = CubicSwiftIOS;
		};
		BE479DAC2081CF6C00ACE8F4 /* PBXContainerItemProxy */ = {
			isa = PBXContainerItemProxy;
			containerPortal = BE479D842081CF6400ACE8F4 /* Project object */;
			proxyType = 1;
			remoteGlobalIDString = BE479D8B2081CF6400ACE8F4;
			remoteInfo = CubicSwiftIOS;
		};
		BE479DC22081D02500ACE8F4 /* PBXContainerItemProxy */ = {
			isa = PBXContainerItemProxy;
			containerPortal = BE479DBD2081D02500ACE8F4 /* cubic_swift.xcodeproj */;
			proxyType = 2;
			remoteGlobalIDString = 8F6259541D54AA5D00BDCF73;
			remoteInfo = cubic_swift;
		};
		BE479DC42081D02500ACE8F4 /* PBXContainerItemProxy */ = {
			isa = PBXContainerItemProxy;
			containerPortal = BE479DBD2081D02500ACE8F4 /* cubic_swift.xcodeproj */;
			proxyType = 2;
			remoteGlobalIDString = 8F62595E1D54AA5D00BDCF73;
			remoteInfo = cubic_swiftTests;
		};
		BE479DC92081D04A00ACE8F4 /* PBXContainerItemProxy */ = {
			isa = PBXContainerItemProxy;
			containerPortal = BE479DBD2081D02500ACE8F4 /* cubic_swift.xcodeproj */;
			proxyType = 1;
			remoteGlobalIDString = 8F6259531D54AA5D00BDCF73;
			remoteInfo = cubic_swift;
		};
/* End PBXContainerItemProxy section */

/* Begin PBXCopyFilesBuildPhase section */
		BE479DCB2081D04A00ACE8F4 /* Embed Frameworks */ = {
			isa = PBXCopyFilesBuildPhase;
			buildActionMask = 2147483647;
			dstPath = "";
			dstSubfolderSpec = 10;
			files = (
				BE479DC82081D04A00ACE8F4 /* cubic_swift.framework in Embed Frameworks */,
			);
			name = "Embed Frameworks";
			runOnlyForDeploymentPostprocessing = 0;
		};
/* End PBXCopyFilesBuildPhase section */

/* Begin PBXFileReference section */
		BE479D8C2081CF6400ACE8F4 /* CubicSwiftIOS.app */ = {isa = PBXFileReference; explicitFileType = wrapper.application; includeInIndex = 0; path = CubicSwiftIOS.app; sourceTree = BUILT_PRODUCTS_DIR; };
		BE479D8F2081CF6400ACE8F4 /* AppDelegate.swift */ = {isa = PBXFileReference; lastKnownFileType = sourcecode.swift; path = AppDelegate.swift; sourceTree = "<group>"; };
		BE479D912081CF6400ACE8F4 /* ViewController.swift */ = {isa = PBXFileReference; lastKnownFileType = sourcecode.swift; path = ViewController.swift; sourceTree = "<group>"; };
		BE479D942081CF6400ACE8F4 /* Base */ = {isa = PBXFileReference; lastKnownFileType = file.storyboard; name = Base; path = Base.lproj/Main.storyboard; sourceTree = "<group>"; };
		BE479D962081CF6C00ACE8F4 /* Assets.xcassets */ = {isa = PBXFileReference; lastKnownFileType = folder.assetcatalog; path = Assets.xcassets; sourceTree = "<group>"; };
		BE479D992081CF6C00ACE8F4 /* Base */ = {isa = PBXFileReference; lastKnownFileType = file.storyboard; name = Base; path = Base.lproj/LaunchScreen.storyboard; sourceTree = "<group>"; };
		BE479D9B2081CF6C00ACE8F4 /* Info.plist */ = {isa = PBXFileReference; lastKnownFileType = text.plist.xml; path = Info.plist; sourceTree = "<group>"; };
		BE479DA02081CF6C00ACE8F4 /* CubicSwiftIOSTests.xctest */ = {isa = PBXFileReference; explicitFileType = wrapper.cfbundle; includeInIndex = 0; path = CubicSwiftIOSTests.xctest; sourceTree = BUILT_PRODUCTS_DIR; };
		BE479DA42081CF6C00ACE8F4 /* CubicSwiftIOSTests.swift */ = {isa = PBXFileReference; lastKnownFileType = sourcecode.swift; path = CubicSwiftIOSTests.swift; sourceTree = "<group>"; };
		BE479DA62081CF6C00ACE8F4 /* Info.plist */ = {isa = PBXFileReference; lastKnownFileType = text.plist.xml; path = Info.plist; sourceTree = "<group>"; };
		BE479DAB2081CF6C00ACE8F4 /* CubicSwiftIOSUITests.xctest */ = {isa = PBXFileReference; explicitFileType = wrapper.cfbundle; includeInIndex = 0; path = CubicSwiftIOSUITests.xctest; sourceTree = BUILT_PRODUCTS_DIR; };
		BE479DAF2081CF6C00ACE8F4 /* CubicSwiftIOSUITests.swift */ = {isa = PBXFileReference; lastKnownFileType = sourcecode.swift; path = CubicSwiftIOSUITests.swift; sourceTree = "<group>"; };
		BE479DB12081CF6C00ACE8F4 /* Info.plist */ = {isa = PBXFileReference; lastKnownFileType = text.plist.xml; path = Info.plist; sourceTree = "<group>"; };
		BE479DBD2081D02500ACE8F4 /* cubic_swift.xcodeproj */ = {isa = PBXFileReference; lastKnownFileType = "wrapper.pb-project"; path = cubic_swift.xcodeproj; sourceTree = "<group>"; };
/* End PBXFileReference section */

/* Begin PBXFrameworksBuildPhase section */
		BE479D892081CF6400ACE8F4 /* Frameworks */ = {
			isa = PBXFrameworksBuildPhase;
			buildActionMask = 2147483647;
			files = (
				BE479DC72081D04A00ACE8F4 /* cubic_swift.framework in Frameworks */,
			);
			runOnlyForDeploymentPostprocessing = 0;
		};
		BE479D9D2081CF6C00ACE8F4 /* Frameworks */ = {
			isa = PBXFrameworksBuildPhase;
			buildActionMask = 2147483647;
			files = (
			);
			runOnlyForDeploymentPostprocessing = 0;
		};
		BE479DA82081CF6C00ACE8F4 /* Frameworks */ = {
			isa = PBXFrameworksBuildPhase;
			buildActionMask = 2147483647;
			files = (
			);
			runOnlyForDeploymentPostprocessing = 0;
		};
/* End PBXFrameworksBuildPhase section */

/* Begin PBXGroup section */
		BE479D832081CF6400ACE8F4 = {
			isa = PBXGroup;
			children = (
				BE479DBD2081D02500ACE8F4 /* cubic_swift.xcodeproj */,
				BE479D8E2081CF6400ACE8F4 /* CubicSwiftIOS */,
				BE479DA32081CF6C00ACE8F4 /* CubicSwiftIOSTests */,
				BE479DAE2081CF6C00ACE8F4 /* CubicSwiftIOSUITests */,
				BE479D8D2081CF6400ACE8F4 /* Products */,
			);
			sourceTree = "<group>";
		};
		BE479D8D2081CF6400ACE8F4 /* Products */ = {
			isa = PBXGroup;
			children = (
				BE479D8C2081CF6400ACE8F4 /* CubicSwiftIOS.app */,
				BE479DA02081CF6C00ACE8F4 /* CubicSwiftIOSTests.xctest */,
				BE479DAB2081CF6C00ACE8F4 /* CubicSwiftIOSUITests.xctest */,
			);
			name = Products;
			sourceTree = "<group>";
		};
		BE479D8E2081CF6400ACE8F4 /* CubicSwiftIOS */ = {
			isa = PBXGroup;
			children = (
				BE479D8F2081CF6400ACE8F4 /* AppDelegate.swift */,
				BE479D912081CF6400ACE8F4 /* ViewController.swift */,
				BE479D932081CF6400ACE8F4 /* Main.storyboard */,
				BE479D962081CF6C00ACE8F4 /* Assets.xcassets */,
				BE479D982081CF6C00ACE8F4 /* LaunchScreen.storyboard */,
				BE479D9B2081CF6C00ACE8F4 /* Info.plist */,
			);
			path = CubicSwiftIOS;
			sourceTree = "<group>";
		};
		BE479DA32081CF6C00ACE8F4 /* CubicSwiftIOSTests */ = {
			isa = PBXGroup;
			children = (
				BE479DA42081CF6C00ACE8F4 /* CubicSwiftIOSTests.swift */,
				BE479DA62081CF6C00ACE8F4 /* Info.plist */,
			);
			path = CubicSwiftIOSTests;
			sourceTree = "<group>";
		};
		BE479DAE2081CF6C00ACE8F4 /* CubicSwiftIOSUITests */ = {
			isa = PBXGroup;
			children = (
				BE479DAF2081CF6C00ACE8F4 /* CubicSwiftIOSUITests.swift */,
				BE479DB12081CF6C00ACE8F4 /* Info.plist */,
			);
			path = CubicSwiftIOSUITests;
			sourceTree = "<group>";
		};
		BE479DBE2081D02500ACE8F4 /* Products */ = {
			isa = PBXGroup;
			children = (
				BE479DC32081D02500ACE8F4 /* cubic_swift.framework */,
				BE479DC52081D02500ACE8F4 /* cubic_swiftTests.xctest */,
			);
			name = Products;
			sourceTree = "<group>";
		};
/* End PBXGroup section */

/* Begin PBXNativeTarget section */
		BE479D8B2081CF6400ACE8F4 /* CubicSwiftIOS */ = {
			isa = PBXNativeTarget;
			buildConfigurationList = BE479DB42081CF6C00ACE8F4 /* Build configuration list for PBXNativeTarget "CubicSwiftIOS" */;
			buildPhases = (
				BE479D882081CF6400ACE8F4 /* Sources */,
				BE479D892081CF6400ACE8F4 /* Frameworks */,
				BE479D8A2081CF6400ACE8F4 /* Resources */,
				BE479DCB2081D04A00ACE8F4 /* Embed Frameworks */,
			);
			buildRules = (
			);
			dependencies = (
				BE479DCA2081D04A00ACE8F4 /* PBXTargetDependency */,
			);
			name = CubicSwiftIOS;
			productName = CubicSwiftIOS;
			productReference = BE479D8C2081CF6400ACE8F4 /* CubicSwiftIOS.app */;
			productType = "com.apple.product-type.application";
		};
		BE479D9F2081CF6C00ACE8F4 /* CubicSwiftIOSTests */ = {
			isa = PBXNativeTarget;
			buildConfigurationList = BE479DB72081CF6C00ACE8F4 /* Build configuration list for PBXNativeTarget "CubicSwiftIOSTests" */;
			buildPhases = (
				BE479D9C2081CF6C00ACE8F4 /* Sources */,
				BE479D9D2081CF6C00ACE8F4 /* Frameworks */,
				BE479D9E2081CF6C00ACE8F4 /* Resources */,
			);
			buildRules = (
			);
			dependencies = (
				BE479DA22081CF6C00ACE8F4 /* PBXTargetDependency */,
			);
			name = CubicSwiftIOSTests;
			productName = CubicSwiftIOSTests;
			productReference = BE479DA02081CF6C00ACE8F4 /* CubicSwiftIOSTests.xctest */;
			productType = "com.apple.product-type.bundle.unit-test";
		};
		BE479DAA2081CF6C00ACE8F4 /* CubicSwiftIOSUITests */ = {
			isa = PBXNativeTarget;
			buildConfigurationList = BE479DBA2081CF6C00ACE8F4 /* Build configuration list for PBXNativeTarget "CubicSwiftIOSUITests" */;
			buildPhases = (
				BE479DA72081CF6C00ACE8F4 /* Sources */,
				BE479DA82081CF6C00ACE8F4 /* Frameworks */,
				BE479DA92081CF6C00ACE8F4 /* Resources */,
			);
			buildRules = (
			);
			dependencies = (
				BE479DAD2081CF6C00ACE8F4 /* PBXTargetDependency */,
			);
			name = CubicSwiftIOSUITests;
			productName = CubicSwiftIOSUITests;
			productReference = BE479DAB2081CF6C00ACE8F4 /* CubicSwiftIOSUITests.xctest */;
			productType = "com.apple.product-type.bundle.ui-testing";
		};
/* End PBXNativeTarget section */

/* Begin PBXProject section */
		BE479D842081CF6400ACE8F4 /* Project object */ = {
			isa = PBXProject;
			attributes = {
				LastSwiftUpdateCheck = 0930;
				LastUpgradeCheck = 0930;
				ORGANIZATIONNAME = coldfin_lb;
				TargetAttributes = {
					BE479D8B2081CF6400ACE8F4 = {
						CreatedOnToolsVersion = 9.3;
					};
					BE479D9F2081CF6C00ACE8F4 = {
						CreatedOnToolsVersion = 9.3;
						TestTargetID = BE479D8B2081CF6400ACE8F4;
					};
					BE479DAA2081CF6C00ACE8F4 = {
						CreatedOnToolsVersion = 9.3;
						TestTargetID = BE479D8B2081CF6400ACE8F4;
					};
				};
			};
			buildConfigurationList = BE479D872081CF6400ACE8F4 /* Build configuration list for PBXProject "CubicSwiftIOS" */;
			compatibilityVersion = "Xcode 9.3";
			developmentRegion = en;
			hasScannedForEncodings = 0;
			knownRegions = (
				en,
				Base,
			);
			mainGroup = BE479D832081CF6400ACE8F4;
			productRefGroup = BE479D8D2081CF6400ACE8F4 /* Products */;
			projectDirPath = "";
			projectReferences = (
				{
					ProductGroup = BE479DBE2081D02500ACE8F4 /* Products */;
					ProjectRef = BE479DBD2081D02500ACE8F4 /* cubic_swift.xcodeproj */;
				},
			);
			projectRoot = "";
			targets = (
				BE479D8B2081CF6400ACE8F4 /* CubicSwiftIOS */,
				BE479D9F2081CF6C00ACE8F4 /* CubicSwiftIOSTests */,
				BE479DAA2081CF6C00ACE8F4 /* CubicSwiftIOSUITests */,
			);
		};
/* End PBXProject section */

/* Begin PBXReferenceProxy section */
		BE479DC32081D02500ACE8F4 /* cubic_swift.framework */ = {
			isa = PBXReferenceProxy;
			fileType = wrapper.framework;
			path = cubic_swift.framework;
			remoteRef = BE479DC22081D02500ACE8F4 /* PBXContainerItemProxy */;
			sourceTree = BUILT_PRODUCTS_DIR;
		};
		BE479DC52081D02500ACE8F4 /* cubic_swiftTests.xctest */ = {
			isa = PBXReferenceProxy;
			fileType = wrapper.cfbundle;
			path = cubic_swiftTests.xctest;
			remoteRef = BE479DC42081D02500ACE8F4 /* PBXContainerItemProxy */;
			sourceTree = BUILT_PRODUCTS_DIR;
		};
/* End PBXReferenceProxy section */

/* Begin PBXResourcesBuildPhase section */
		BE479D8A2081CF6400ACE8F4 /* Resources */ = {
			isa = PBXResourcesBuildPhase;
			buildActionMask = 2147483647;
			files = (
				BE479D9A2081CF6C00ACE8F4 /* LaunchScreen.storyboard in Resources */,
				BE479D972081CF6C00ACE8F4 /* Assets.xcassets in Resources */,
				BE479D952081CF6400ACE8F4 /* Main.storyboard in Resources */,
			);
			runOnlyForDeploymentPostprocessing = 0;
		};
		BE479D9E2081CF6C00ACE8F4 /* Resources */ = {
			isa = PBXResourcesBuildPhase;
			buildActionMask = 2147483647;
			files = (
			);
			runOnlyForDeploymentPostprocessing = 0;
		};
		BE479DA92081CF6C00ACE8F4 /* Resources */ = {
			isa = PBXResourcesBuildPhase;
			buildActionMask = 2147483647;
			files = (
			);
			runOnlyForDeploymentPostprocessing = 0;
		};
/* End PBXResourcesBuildPhase section */

/* Begin PBXSourcesBuildPhase section */
		BE479D882081CF6400ACE8F4 /* Sources */ = {
			isa = PBXSourcesBuildPhase;
			buildActionMask = 2147483647;
			files = (
				BE479D922081CF6400ACE8F4 /* ViewController.swift in Sources */,
				BE479D902081CF6400ACE8F4 /* AppDelegate.swift in Sources */,
			);
			runOnlyForDeploymentPostprocessing = 0;
		};
		BE479D9C2081CF6C00ACE8F4 /* Sources */ = {
			isa = PBXSourcesBuildPhase;
			buildActionMask = 2147483647;
			files = (
				BE479DA52081CF6C00ACE8F4 /* CubicSwiftIOSTests.swift in Sources */,
			);
			runOnlyForDeploymentPostprocessing = 0;
		};
		BE479DA72081CF6C00ACE8F4 /* Sources */ = {
			isa = PBXSourcesBuildPhase;
			buildActionMask = 2147483647;
			files = (
				BE479DB02081CF6C00ACE8F4 /* CubicSwiftIOSUITests.swift in Sources */,
			);
			runOnlyForDeploymentPostprocessing = 0;
		};
/* End PBXSourcesBuildPhase section */

/* Begin PBXTargetDependency section */
		BE479DA22081CF6C00ACE8F4 /* PBXTargetDependency */ = {
			isa = PBXTargetDependency;
			target = BE479D8B2081CF6400ACE8F4 /* CubicSwiftIOS */;
			targetProxy = BE479DA12081CF6C00ACE8F4 /* PBXContainerItemProxy */;
		};
		BE479DAD2081CF6C00ACE8F4 /* PBXTargetDependency */ = {
			isa = PBXTargetDependency;
			target = BE479D8B2081CF6400ACE8F4 /* CubicSwiftIOS */;
			targetProxy = BE479DAC2081CF6C00ACE8F4 /* PBXContainerItemProxy */;
		};
		BE479DCA2081D04A00ACE8F4 /* PBXTargetDependency */ = {
			isa = PBXTargetDependency;
			name = cubic_swift;
			targetProxy = BE479DC92081D04A00ACE8F4 /* PBXContainerItemProxy */;
		};
/* End PBXTargetDependency section */

/* Begin PBXVariantGroup section */
		BE479D932081CF6400ACE8F4 /* Main.storyboard */ = {
			isa = PBXVariantGroup;
			children = (
				BE479D942081CF6400ACE8F4 /* Base */,
			);
			name = Main.storyboard;
			sourceTree = "<group>";
		};
		BE479D982081CF6C00ACE8F4 /* LaunchScreen.storyboard */ = {
			isa = PBXVariantGroup;
			children = (
				BE479D992081CF6C00ACE8F4 /* Base */,
			);
			name = LaunchScreen.storyboard;
			sourceTree = "<group>";
		};
/* End PBXVariantGroup section */

/* Begin XCBuildConfiguration section */
		BE479DB22081CF6C00ACE8F4 /* Debug */ = {
			isa = XCBuildConfiguration;
			buildSettings = {
				ALWAYS_SEARCH_USER_PATHS = NO;
				CLANG_ANALYZER_NONNULL = YES;
				CLANG_ANALYZER_NUMBER_OBJECT_CONVERSION = YES_AGGRESSIVE;
				CLANG_CXX_LANGUAGE_STANDARD = "gnu++14";
				CLANG_CXX_LIBRARY = "libc++";
				CLANG_ENABLE_MODULES = YES;
				CLANG_ENABLE_OBJC_ARC = YES;
				CLANG_ENABLE_OBJC_WEAK = YES;
				CLANG_WARN_BLOCK_CAPTURE_AUTORELEASING = YES;
				CLANG_WARN_BOOL_CONVERSION = YES;
				CLANG_WARN_COMMA = YES;
				CLANG_WARN_CONSTANT_CONVERSION = YES;
				CLANG_WARN_DEPRECATED_OBJC_IMPLEMENTATIONS = YES;
				CLANG_WARN_DIRECT_OBJC_ISA_USAGE = YES_ERROR;
				CLANG_WARN_DOCUMENTATION_COMMENTS = YES;
				CLANG_WARN_EMPTY_BODY = YES;
				CLANG_WARN_ENUM_CONVERSION = YES;
				CLANG_WARN_INFINITE_RECURSION = YES;
				CLANG_WARN_INT_CONVERSION = YES;
				CLANG_WARN_NON_LITERAL_NULL_CONVERSION = YES;
				CLANG_WARN_OBJC_IMPLICIT_RETAIN_SELF = YES;
				CLANG_WARN_OBJC_LITERAL_CONVERSION = YES;
				CLANG_WARN_OBJC_ROOT_CLASS = YES_ERROR;
				CLANG_WARN_RANGE_LOOP_ANALYSIS = YES;
				CLANG_WARN_STRICT_PROTOTYPES = YES;
				CLANG_WARN_SUSPICIOUS_MOVE = YES;
				CLANG_WARN_UNGUARDED_AVAILABILITY = YES_AGGRESSIVE;
				CLANG_WARN_UNREACHABLE_CODE = YES;
				CLANG_WARN__DUPLICATE_METHOD_MATCH = YES;
				CODE_SIGN_IDENTITY = "iPhone Developer";
				COPY_PHASE_STRIP = NO;
				DEBUG_INFORMATION_FORMAT = dwarf;
				ENABLE_STRICT_OBJC_MSGSEND = YES;
				ENABLE_TESTABILITY = YES;
				GCC_C_LANGUAGE_STANDARD = gnu11;
				GCC_DYNAMIC_NO_PIC = NO;
				GCC_NO_COMMON_BLOCKS = YES;
				GCC_OPTIMIZATION_LEVEL = 0;
				GCC_PREPROCESSOR_DEFINITIONS = (
					"DEBUG=1",
					"$(inherited)",
				);
				GCC_WARN_64_TO_32_BIT_CONVERSION = YES;
				GCC_WARN_ABOUT_RETURN_TYPE = YES_ERROR;
				GCC_WARN_UNDECLARED_SELECTOR = YES;
				GCC_WARN_UNINITIALIZED_AUTOS = YES_AGGRESSIVE;
				GCC_WARN_UNUSED_FUNCTION = YES;
				GCC_WARN_UNUSED_VARIABLE = YES;
				IPHONEOS_DEPLOYMENT_TARGET = 9.3;
				MTL_ENABLE_DEBUG_INFO = YES;
				ONLY_ACTIVE_ARCH = NO;
				SDKROOT = iphoneos;
				SWIFT_ACTIVE_COMPILATION_CONDITIONS = DEBUG;
				SWIFT_OPTIMIZATION_LEVEL = "-Onone";
			};
			name = Debug;
		};
		BE479DB32081CF6C00ACE8F4 /* Release */ = {
			isa = XCBuildConfiguration;
			buildSettings = {
				ALWAYS_SEARCH_USER_PATHS = NO;
				CLANG_ANALYZER_NONNULL = YES;
				CLANG_ANALYZER_NUMBER_OBJECT_CONVERSION = YES_AGGRESSIVE;
				CLANG_CXX_LANGUAGE_STANDARD = "gnu++14";
				CLANG_CXX_LIBRARY = "libc++";
				CLANG_ENABLE_MODULES = YES;
				CLANG_ENABLE_OBJC_ARC = YES;
				CLANG_ENABLE_OBJC_WEAK = YES;
				CLANG_WARN_BLOCK_CAPTURE_AUTORELEASING = YES;
				CLANG_WARN_BOOL_CONVERSION = YES;
				CLANG_WARN_COMMA = YES;
				CLANG_WARN_CONSTANT_CONVERSION = YES;
				CLANG_WARN_DEPRECATED_OBJC_IMPLEMENTATIONS = YES;
				CLANG_WARN_DIRECT_OBJC_ISA_USAGE = YES_ERROR;
				CLANG_WARN_DOCUMENTATION_COMMENTS = YES;
				CLANG_WARN_EMPTY_BODY = YES;
				CLANG_WARN_ENUM_CONVERSION = YES;
				CLANG_WARN_INFINITE_RECURSION = YES;
				CLANG_WARN_INT_CONVERSION = YES;
				CLANG_WARN_NON_LITERAL_NULL_CONVERSION = YES;
				CLANG_WARN_OBJC_IMPLICIT_RETAIN_SELF = YES;
				CLANG_WARN_OBJC_LITERAL_CONVERSION = YES;
				CLANG_WARN_OBJC_ROOT_CLASS = YES_ERROR;
				CLANG_WARN_RANGE_LOOP_ANALYSIS = YES;
				CLANG_WARN_STRICT_PROTOTYPES = YES;
				CLANG_WARN_SUSPICIOUS_MOVE = YES;
				CLANG_WARN_UNGUARDED_AVAILABILITY = YES_AGGRESSIVE;
				CLANG_WARN_UNREACHABLE_CODE = YES;
				CLANG_WARN__DUPLICATE_METHOD_MATCH = YES;
				CODE_SIGN_IDENTITY = "iPhone Developer";
				COPY_PHASE_STRIP = NO;
				DEBUG_INFORMATION_FORMAT = "dwarf-with-dsym";
				ENABLE_NS_ASSERTIONS = NO;
				ENABLE_STRICT_OBJC_MSGSEND = YES;
				GCC_C_LANGUAGE_STANDARD = gnu11;
				GCC_NO_COMMON_BLOCKS = YES;
				GCC_WARN_64_TO_32_BIT_CONVERSION = YES;
				GCC_WARN_ABOUT_RETURN_TYPE = YES_ERROR;
				GCC_WARN_UNDECLARED_SELECTOR = YES;
				GCC_WARN_UNINITIALIZED_AUTOS = YES_AGGRESSIVE;
				GCC_WARN_UNUSED_FUNCTION = YES;
				GCC_WARN_UNUSED_VARIABLE = YES;
				IPHONEOS_DEPLOYMENT_TARGET = 9.3;
				MTL_ENABLE_DEBUG_INFO = NO;
				ONLY_ACTIVE_ARCH = NO;
				SDKROOT = iphoneos;
				SWIFT_COMPILATION_MODE = wholemodule;
				SWIFT_OPTIMIZATION_LEVEL = "-O";
				VALIDATE_PRODUCT = YES;
			};
			name = Release;
		};
		BE479DB52081CF6C00ACE8F4 /* Debug */ = {
			isa = XCBuildConfiguration;
			buildSettings = {
				ALWAYS_EMBED_SWIFT_STANDARD_LIBRARIES = YES;
				ASSETCATALOG_COMPILER_APPICON_NAME = AppIcon;
				CODE_SIGN_STYLE = Automatic;
				INFOPLIST_FILE = CubicSwiftIOS/Info.plist;
				LD_RUNPATH_SEARCH_PATHS = (
					"$(inherited)",
					"@executable_path/Frameworks",
				);
				PRODUCT_BUNDLE_IDENTIFIER = com.CubicSwiftIOS;
				PRODUCT_NAME = "$(TARGET_NAME)";
				SWIFT_VERSION = 4.0;
				TARGETED_DEVICE_FAMILY = "1,2";
			};
			name = Debug;
		};
		BE479DB62081CF6C00ACE8F4 /* Release */ = {
			isa = XCBuildConfiguration;
			buildSettings = {
				ALWAYS_EMBED_SWIFT_STANDARD_LIBRARIES = YES;
				ASSETCATALOG_COMPILER_APPICON_NAME = AppIcon;
				CODE_SIGN_STYLE = Automatic;
				INFOPLIST_FILE = CubicSwiftIOS/Info.plist;
				LD_RUNPATH_SEARCH_PATHS = (
					"$(inherited)",
					"@executable_path/Frameworks",
				);
				PRODUCT_BUNDLE_IDENTIFIER = com.CubicSwiftIOS;
				PRODUCT_NAME = "$(TARGET_NAME)";
				SWIFT_VERSION = 4.0;
				TARGETED_DEVICE_FAMILY = "1,2";
			};
			name = Release;
		};
		BE479DB82081CF6C00ACE8F4 /* Debug */ = {
			isa = XCBuildConfiguration;
			buildSettings = {
				ALWAYS_EMBED_SWIFT_STANDARD_LIBRARIES = YES;
				BUNDLE_LOADER = "$(TEST_HOST)";
				CODE_SIGN_STYLE = Automatic;
				INFOPLIST_FILE = CubicSwiftIOSTests/Info.plist;
				LD_RUNPATH_SEARCH_PATHS = (
					"$(inherited)",
					"@executable_path/Frameworks",
					"@loader_path/Frameworks",
				);
				PRODUCT_BUNDLE_IDENTIFIER = com.CubicSwiftIOSTests;
				PRODUCT_NAME = "$(TARGET_NAME)";
				SWIFT_VERSION = 4.0;
				TARGETED_DEVICE_FAMILY = "1,2";
				TEST_HOST = "$(BUILT_PRODUCTS_DIR)/CubicSwiftIOS.app/CubicSwiftIOS";
			};
			name = Debug;
		};
		BE479DB92081CF6C00ACE8F4 /* Release */ = {
			isa = XCBuildConfiguration;
			buildSettings = {
				ALWAYS_EMBED_SWIFT_STANDARD_LIBRARIES = YES;
				BUNDLE_LOADER = "$(TEST_HOST)";
				CODE_SIGN_STYLE = Automatic;
				INFOPLIST_FILE = CubicSwiftIOSTests/Info.plist;
				LD_RUNPATH_SEARCH_PATHS = (
					"$(inherited)",
					"@executable_path/Frameworks",
					"@loader_path/Frameworks",
				);
				PRODUCT_BUNDLE_IDENTIFIER = com.CubicSwiftIOSTests;
				PRODUCT_NAME = "$(TARGET_NAME)";
				SWIFT_VERSION = 4.0;
				TARGETED_DEVICE_FAMILY = "1,2";
				TEST_HOST = "$(BUILT_PRODUCTS_DIR)/CubicSwiftIOS.app/CubicSwiftIOS";
			};
			name = Release;
		};
		BE479DBB2081CF6C00ACE8F4 /* Debug */ = {
			isa = XCBuildConfiguration;
			buildSettings = {
				ALWAYS_EMBED_SWIFT_STANDARD_LIBRARIES = YES;
				CODE_SIGN_STYLE = Automatic;
				INFOPLIST_FILE = CubicSwiftIOSUITests/Info.plist;
				LD_RUNPATH_SEARCH_PATHS = (
					"$(inherited)",
					"@executable_path/Frameworks",
					"@loader_path/Frameworks",
				);
				PRODUCT_BUNDLE_IDENTIFIER = com.CubicSwiftIOSUITests;
				PRODUCT_NAME = "$(TARGET_NAME)";
				SWIFT_VERSION = 4.0;
				TARGETED_DEVICE_FAMILY = "1,2";
				TEST_TARGET_NAME = CubicSwiftIOS;
			};
			name = Debug;
		};
		BE479DBC2081CF6C00ACE8F4 /* Release */ = {
			isa = XCBuildConfiguration;
			buildSettings = {
				ALWAYS_EMBED_SWIFT_STANDARD_LIBRARIES = YES;
				CODE_SIGN_STYLE = Automatic;
				INFOPLIST_FILE = CubicSwiftIOSUITests/Info.plist;
				LD_RUNPATH_SEARCH_PATHS = (
					"$(inherited)",
					"@executable_path/Frameworks",
					"@loader_path/Frameworks",
				);
				PRODUCT_BUNDLE_IDENTIFIER = com.CubicSwiftIOSUITests;
				PRODUCT_NAME = "$(TARGET_NAME)";
				SWIFT_VERSION = 4.0;
				TARGETED_DEVICE_FAMILY = "1,2";
				TEST_TARGET_NAME = CubicSwiftIOS;
			};
			name = Release;
		};
/* End XCBuildConfiguration section */

/* Begin XCConfigurationList section */
		BE479D872081CF6400ACE8F4 /* Build configuration list for PBXProject "CubicSwiftIOS" */ = {
			isa = XCConfigurationList;
			buildConfigurations = (
				BE479DB22081CF6C00ACE8F4 /* Debug */,
				BE479DB32081CF6C00ACE8F4 /* Release */,
			);
			defaultConfigurationIsVisible = 0;
			defaultConfigurationName = Release;
		};
		BE479DB42081CF6C00ACE8F4 /* Build configuration list for PBXNativeTarget "CubicSwiftIOS" */ = {
			isa = XCConfigurationList;
			buildConfigurations = (
				BE479DB52081CF6C00ACE8F4 /* Debug */,
				BE479DB62081CF6C00ACE8F4 /* Release */,
			);
			defaultConfigurationIsVisible = 0;
			defaultConfigurationName = Release;
		};
		BE479DB72081CF6C00ACE8F4 /* Build configuration list for PBXNativeTarget "CubicSwiftIOSTests" */ = {
			isa = XCConfigurationList;
			buildConfigurations = (
				BE479DB82081CF6C00ACE8F4 /* Debug */,
				BE479DB92081CF6C00ACE8F4 /* Release */,
			);
			defaultConfigurationIsVisible = 0;
			defaultConfigurationName = Release;
		};
		BE479DBA2081CF6C00ACE8F4 /* Build configuration list for PBXNativeTarget "CubicSwiftIOSUITests" */ = {
			isa = XCConfigurationList;
			buildConfigurations = (
				BE479DBB2081CF6C00ACE8F4 /* Debug */,
				BE479DBC2081CF6C00ACE8F4 /* Release */,
			);
			defaultConfigurationIsVisible = 0;
			defaultConfigurationName = Release;
		};
/* End XCConfigurationList section */
	};
	rootObject = BE479D842081CF6400ACE8F4 /* Project object */;
}
